
Microsoft Visual Studio Solution File, Format Version 12.00
# Visual Studio Version 17
VisualStudioVersion = 17.8.34330.188
MinimumVisualStudioVersion = 10.0.40219.1
Project("{9A19103F-16F7-4668-BE54-9A1E7A4F7556}") = "Library_Management_System", "Library_Management_System.csproj", "{3A3EBEE0-D223-41E2-BB0C-4C07AA1894AA}"
EndProject
Project("{FAE04EC0-301F-11D3-BF4B-00C04F79EFBC}") = "TestProject1", "..\TestProject1\TestProject1.csproj", "{99528B77-8F7D-4AEF-BA2A-C4BB463ACC19}"
EndProject
Global
	GlobalSection(SolutionConfigurationPlatforms) = preSolution
		Debug|Any CPU = Debug|Any CPU
		Release|Any CPU = Release|Any CPU
	EndGlobalSection
	GlobalSection(ProjectConfigurationPlatforms) = postSolution
		{3A3EBEE0-D223-41E2-BB0C-4C07AA1894AA}.Debug|Any CPU.ActiveCfg = Debug|Any CPU
		{3A3EBEE0-D223-41E2-BB0C-4C07AA1894AA}.Debug|Any CPU.Build.0 = Debug|Any CPU
		{3A3EBEE0-D223-41E2-BB0C-4C07AA1894AA}.Release|Any CPU.ActiveCfg = Release|Any CPU
		{3A3EBEE0-D223-41E2-BB0C-4C07AA1894AA}.Release|Any CPU.Build.0 = Release|Any CPU
		{99528B77-8F7D-4AEF-BA2A-C4BB463ACC19}.Debug|Any CPU.ActiveCfg = Debug|Any CPU
		{99528B77-8F7D-4AEF-BA2A-C4BB463ACC19}.Debug|Any CPU.Build.0 = Debug|Any CPU
		{99528B77-8F7D-4AEF-BA2A-C4BB463ACC19}.Release|Any CPU.ActiveCfg = Release|Any CPU
		{99528B77-8F7D-4AEF-BA2A-C4BB463ACC19}.Release|Any CPU.Build.0 = Release|Any CPU
	EndGlobalSection
	GlobalSection(SolutionProperties) = preSolution
		HideSolutionNode = FALSE
	EndGlobalSection
	GlobalSection(ExtensibilityGlobals) = postSolution
		SolutionGuid = {F7FC6200-2624-4744-A496-1CFA6CCE2C85}
	EndGlobalSection
EndGlobal
